{
  "name": "@dpouris/gswap",
  "version": "0.3.6",
  "lockfileVersion": 2,
  "requires": true,
  "packages": {
    "": {
      "name": "@dpouris/gswap",
      "version": "0.3.6",
      "license": "ISC",
      "dependencies": {
        "@dpouris/gswap": "^0.0.12"
      }
    },
    "node_modules/@dpouris/gswap": {
      "version": "0.0.12",
      "resolved": "https://registry.npmjs.org/@dpouris/gswap/-/gswap-0.0.12.tgz",
      "integrity": "sha512-sirfqlIFCtVro1mafynMnFSzrBhi2wmgCItjcURgmG+DRjjUCg1dx6awCeGWR5w6qxYsUJJ2qrVAtn1iflo/AA==",
      "dependencies": {
        "@dpouris/gswap": "^0.0.3"
      }
    },
    "node_modules/@dpouris/gswap/node_modules/@dpouris/gswap": {
      "version": "0.0.3",
      "resolved": "https://registry.npmjs.org/@dpouris/gswap/-/gswap-0.0.3.tgz",
      "integrity": "sha512-unIU7CUpKlAj8gGq/80TaAgnpgkspXtvcJ9OdxtElZKrexTtQ1E8iKp1PSmnMiacdLqbmqi4h6z7CY4frF1w7w==",
      "dependencies": {
        "@dpouris/gswap": "^0.0.1"
      }
    },
    "node_modules/@dpouris/gswap/node_modules/@dpouris/gswap/node_modules/@dpouris/gswap": {
      "version": "0.0.1",
      "resolved": "https://registry.npmjs.org/@dpouris/gswap/-/gswap-0.0.1.tgz",
      "integrity": "sha512-lDuKRijTCTtw3d68PdQUDV/sd8tjuvLza5rr7uBB4cjS2nOD0GQuosaV1Jg9bo7uBc8TdxKCP89DF6RMGFgNeA=="
    }
  },
  "dependencies": {
    "@dpouris/gswap": {
      "version": "0.0.12",
      "resolved": "https://registry.npmjs.org/@dpouris/gswap/-/gswap-0.0.12.tgz",
      "integrity": "sha512-sirfqlIFCtVro1mafynMnFSzrBhi2wmgCItjcURgmG+DRjjUCg1dx6awCeGWR5w6qxYsUJJ2qrVAtn1iflo/AA==",
      "requires": {
        "@dpouris/gswap": "^0.0.3"
      },
      "dependencies": {
        "@dpouris/gswap": {
          "version": "0.0.3",
          "resolved": "https://registry.npmjs.org/@dpouris/gswap/-/gswap-0.0.3.tgz",
          "integrity": "sha512-unIU7CUpKlAj8gGq/80TaAgnpgkspXtvcJ9OdxtElZKrexTtQ1E8iKp1PSmnMiacdLqbmqi4h6z7CY4frF1w7w==",
          "requires": {
            "@dpouris/gswap": "^0.0.1"
          },
          "dependencies": {
            "@dpouris/gswap": {
              "version": "0.0.1",
              "resolved": "https://registry.npmjs.org/@dpouris/gswap/-/gswap-0.0.1.tgz",
              "integrity": "sha512-lDuKRijTCTtw3d68PdQUDV/sd8tjuvLza5rr7uBB4cjS2nOD0GQuosaV1Jg9bo7uBc8TdxKCP89DF6RMGFgNeA=="
            }
          }
        }
      }
    }
  }
}
