{
  "name": "@dpouris/gswap",
  "version": "0.0.2",
  "lockfileVersion": 2,
  "requires": true,
  "packages": {
    "": {
      "name": "@dpouris/gswap",
      "version": "0.0.2",
      "license": "ISC",
      "dependencies": {
        "@dpouris/gswap": "^0.0.1"
      }
    },
    "node_modules/@dpouris/gswap": {
      "version": "0.0.1",
      "resolved": "https://registry.npmjs.org/@dpouris/gswap/-/gswap-0.0.1.tgz",
      "integrity": "sha512-lDuKRijTCTtw3d68PdQUDV/sd8tjuvLza5rr7uBB4cjS2nOD0GQuosaV1Jg9bo7uBc8TdxKCP89DF6RMGFgNeA=="
    }
  },
  "dependencies": {
    "@dpouris/gswap": {
      "version": "0.0.1",
      "resolved": "https://registry.npmjs.org/@dpouris/gswap/-/gswap-0.0.1.tgz",
      "integrity": "sha512-lDuKRijTCTtw3d68PdQUDV/sd8tjuvLza5rr7uBB4cjS2nOD0GQuosaV1Jg9bo7uBc8TdxKCP89DF6RMGFgNeA=="
    }
  }
}
